
Microsoft Visual Studio Solution File, Format Version 12.00
# Visual Studio 15
VisualStudioVersion = 15.0.28307.1267
MinimumVisualStudioVersion = 10.0.40219.1
Project("{FAE04EC0-301F-11D3-BF4B-00C04F79EFBC}") = "医院急门诊挂号", "医院急门诊挂号\医院急门诊挂号.csproj", "{8429E54E-FBA6-4A97-AFCD-8126328970DE}"
EndProject
Global
	GlobalSection(SolutionConfigurationPlatforms) = preSolution
		Debug|Any CPU = Debug|Any CPU
		Release|Any CPU = Release|Any CPU
	EndGlobalSection
	GlobalSection(ProjectConfigurationPlatforms) = postSolution
		{8429E54E-FBA6-4A97-AFCD-8126328970DE}.Debug|Any CPU.ActiveCfg = Debug|Any CPU
		{8429E54E-FBA6-4A97-AFCD-8126328970DE}.Debug|Any CPU.Build.0 = Debug|Any CPU
		{8429E54E-FBA6-4A97-AFCD-8126328970DE}.Release|Any CPU.ActiveCfg = Release|Any CPU
		{8429E54E-FBA6-4A97-AFCD-8126328970DE}.Release|Any CPU.Build.0 = Release|Any CPU
	EndGlobalSection
	GlobalSection(SolutionProperties) = preSolution
		HideSolutionNode = FALSE
	EndGlobalSection
	GlobalSection(ExtensibilityGlobals) = postSolution
		SolutionGuid = {7D79FA84-5B6D-488A-B611-B306C0F377D2}
	EndGlobalSection
EndGlobal
